
Microsoft Visual Studio Solution File, Format Version 12.00
Project("{FAE04EC0-301F-11D3-BF4B-00C04F79EFBC}") = "Lab2", "Lab2\Lab2.csproj", "{31411C65-5CDA-4EA1-B698-277F3753CF14}"
EndProject
Project("{2150E333-8FDC-42A3-9474-1A3956D46DE8}") = "SolutionItems", "SolutionItems", "{0FBC65C9-2D1A-40E6-A1AD-6821F67AD7DD}"
	ProjectSection(SolutionItems) = preProject
		README.md = README.md
		.gitignore = .gitignore
		LICENSE = LICENSE
	EndProjectSection
EndProject
Project("{FAE04EC0-301F-11D3-BF4B-00C04F79EFBC}") = "Lab3", "Lab3\Lab3.csproj", "{9A7AF898-5BF8-43F8-8F10-4496C26B5194}"
EndProject
Project("{FAE04EC0-301F-11D3-BF4B-00C04F79EFBC}") = "Lab4", "Lab4\Lab4.csproj", "{6EEF9D69-2738-42C3-B23E-ABCE4CA1D2A4}"
EndProject
Project("{FAE04EC0-301F-11D3-BF4B-00C04F79EFBC}") = "Lab4ExternalProj", "Lab4ExternalProj\Lab4ExternalProj.csproj", "{B3394074-A394-49C4-8C0C-81561A2391E9}"
EndProject
Project("{FAE04EC0-301F-11D3-BF4B-00C04F79EFBC}") = "Lab5", "Lab5\Lab5.csproj", "{5BF69D3B-3029-4514-9775-432599938996}"
EndProject
Global
	GlobalSection(SolutionConfigurationPlatforms) = preSolution
		Debug|Any CPU = Debug|Any CPU
		Release|Any CPU = Release|Any CPU
	EndGlobalSection
	GlobalSection(ProjectConfigurationPlatforms) = postSolution
		{31411C65-5CDA-4EA1-B698-277F3753CF14}.Debug|Any CPU.ActiveCfg = Debug|Any CPU
		{31411C65-5CDA-4EA1-B698-277F3753CF14}.Debug|Any CPU.Build.0 = Debug|Any CPU
		{31411C65-5CDA-4EA1-B698-277F3753CF14}.Release|Any CPU.ActiveCfg = Release|Any CPU
		{31411C65-5CDA-4EA1-B698-277F3753CF14}.Release|Any CPU.Build.0 = Release|Any CPU
		{9A7AF898-5BF8-43F8-8F10-4496C26B5194}.Debug|Any CPU.ActiveCfg = Debug|Any CPU
		{9A7AF898-5BF8-43F8-8F10-4496C26B5194}.Debug|Any CPU.Build.0 = Debug|Any CPU
		{9A7AF898-5BF8-43F8-8F10-4496C26B5194}.Release|Any CPU.ActiveCfg = Release|Any CPU
		{9A7AF898-5BF8-43F8-8F10-4496C26B5194}.Release|Any CPU.Build.0 = Release|Any CPU
		{6EEF9D69-2738-42C3-B23E-ABCE4CA1D2A4}.Debug|Any CPU.ActiveCfg = Debug|Any CPU
		{6EEF9D69-2738-42C3-B23E-ABCE4CA1D2A4}.Debug|Any CPU.Build.0 = Debug|Any CPU
		{6EEF9D69-2738-42C3-B23E-ABCE4CA1D2A4}.Release|Any CPU.ActiveCfg = Release|Any CPU
		{6EEF9D69-2738-42C3-B23E-ABCE4CA1D2A4}.Release|Any CPU.Build.0 = Release|Any CPU
		{B3394074-A394-49C4-8C0C-81561A2391E9}.Debug|Any CPU.ActiveCfg = Debug|Any CPU
		{B3394074-A394-49C4-8C0C-81561A2391E9}.Debug|Any CPU.Build.0 = Debug|Any CPU
		{B3394074-A394-49C4-8C0C-81561A2391E9}.Release|Any CPU.ActiveCfg = Release|Any CPU
		{B3394074-A394-49C4-8C0C-81561A2391E9}.Release|Any CPU.Build.0 = Release|Any CPU
		{5BF69D3B-3029-4514-9775-432599938996}.Debug|Any CPU.ActiveCfg = Debug|Any CPU
		{5BF69D3B-3029-4514-9775-432599938996}.Debug|Any CPU.Build.0 = Debug|Any CPU
		{5BF69D3B-3029-4514-9775-432599938996}.Release|Any CPU.ActiveCfg = Release|Any CPU
		{5BF69D3B-3029-4514-9775-432599938996}.Release|Any CPU.Build.0 = Release|Any CPU
	EndGlobalSection
EndGlobal
